
Microsoft Visual Studio Solution File, Format Version 12.00
# Visual Studio 15
VisualStudioVersion = 15.0.26430.6
MinimumVisualStudioVersion = 10.0.40219.1
Project("{FAE04EC0-301F-11D3-BF4B-00C04F79EFBC}") = "Nyusti.MassTransitEncryption.AzureKeyVault", "src\Nyusti.MassTransitEncryption.AzureKeyVault\Nyusti.MassTransitEncryption.AzureKeyVault.csproj", "{22DE259D-CE5C-4E93-8EFA-D495B2504707}"
EndProject
Project("{FAE04EC0-301F-11D3-BF4B-00C04F79EFBC}") = "Nyusti.MassTransitEncryption.Test.Unit", "src\Nyusti.MassTransitEncryption.Test.Unit\Nyusti.MassTransitEncryption.Test.Unit.csproj", "{A59E72BD-F15F-43D2-9090-0EB8FC1F0E1C}"
EndProject
Project("{2150E333-8FDC-42A3-9474-1A3956D46DE8}") = ".solutionitems", ".solutionitems", "{412FEEC1-0625-4A7F-98C7-B4267B11C031}"
	ProjectSection(SolutionItems) = preProject
		GitVersion.yml = GitVersion.yml
		README.md = README.md
	EndProjectSection
EndProject
Global
	GlobalSection(SolutionConfigurationPlatforms) = preSolution
		Debug|Any CPU = Debug|Any CPU
		Release|Any CPU = Release|Any CPU
	EndGlobalSection
	GlobalSection(ProjectConfigurationPlatforms) = postSolution
		{22DE259D-CE5C-4E93-8EFA-D495B2504707}.Debug|Any CPU.ActiveCfg = Debug|Any CPU
		{22DE259D-CE5C-4E93-8EFA-D495B2504707}.Debug|Any CPU.Build.0 = Debug|Any CPU
		{22DE259D-CE5C-4E93-8EFA-D495B2504707}.Release|Any CPU.ActiveCfg = Release|Any CPU
		{22DE259D-CE5C-4E93-8EFA-D495B2504707}.Release|Any CPU.Build.0 = Release|Any CPU
		{A59E72BD-F15F-43D2-9090-0EB8FC1F0E1C}.Debug|Any CPU.ActiveCfg = Debug|Any CPU
		{A59E72BD-F15F-43D2-9090-0EB8FC1F0E1C}.Debug|Any CPU.Build.0 = Debug|Any CPU
		{A59E72BD-F15F-43D2-9090-0EB8FC1F0E1C}.Release|Any CPU.ActiveCfg = Release|Any CPU
		{A59E72BD-F15F-43D2-9090-0EB8FC1F0E1C}.Release|Any CPU.Build.0 = Release|Any CPU
	EndGlobalSection
	GlobalSection(SolutionProperties) = preSolution
		HideSolutionNode = FALSE
	EndGlobalSection
EndGlobal
